
Microsoft Visual Studio Solution File, Format Version 12.00
# Visual Studio Version 17
VisualStudioVersion = 17.10.35027.167
MinimumVisualStudioVersion = 10.0.40219.1
Project("{FAE04EC0-301F-11D3-BF4B-00C04F79EFBC}") = "Database-Management-System", "Database-Management-System\Database-Management-System.csproj", "{B692C95C-DBE8-4225-BE61-50E82CD05DC2}"
EndProject
Global
	GlobalSection(SolutionConfigurationPlatforms) = preSolution
		Debug|Any CPU = Debug|Any CPU
		Release|Any CPU = Release|Any CPU
	EndGlobalSection
	GlobalSection(ProjectConfigurationPlatforms) = postSolution
		{B692C95C-DBE8-4225-BE61-50E82CD05DC2}.Debug|Any CPU.ActiveCfg = Debug|Any CPU
		{B692C95C-DBE8-4225-BE61-50E82CD05DC2}.Debug|Any CPU.Build.0 = Debug|Any CPU
		{B692C95C-DBE8-4225-BE61-50E82CD05DC2}.Release|Any CPU.ActiveCfg = Release|Any CPU
		{B692C95C-DBE8-4225-BE61-50E82CD05DC2}.Release|Any CPU.Build.0 = Release|Any CPU
	EndGlobalSection
	GlobalSection(SolutionProperties) = preSolution
		HideSolutionNode = FALSE
	EndGlobalSection
	GlobalSection(ExtensibilityGlobals) = postSolution
		SolutionGuid = {EBE0BA06-1C5F-4547-B514-7F2405C7B6CE}
	EndGlobalSection
EndGlobal
